
Microsoft Visual Studio Solution File, Format Version 12.00
# Visual Studio Version 17
VisualStudioVersion = 17.11.35103.136
MinimumVisualStudioVersion = 10.0.40219.1
Project("{9A19103F-16F7-4668-BE54-9A1E7A4F7556}") = "SpawnDev.BlazorJS.WebWorkers", "SpawnDev.BlazorJS.WebWorkers\SpawnDev.BlazorJS.WebWorkers.csproj", "{6199BC07-1C75-408A-B485-25D4A483DE1A}"
	ProjectSection(ProjectDependencies) = postProject
		{A855E2C2-27D1-4494-A9CA-58EBF11DC34D} = {A855E2C2-27D1-4494-A9CA-58EBF11DC34D}
	EndProjectSection
EndProject
Project("{9A19103F-16F7-4668-BE54-9A1E7A4F7556}") = "SpawnDev.BlazorJS.WebWorkers.Build", "SpawnDev.BlazorJS.WebWorkers.Build\SpawnDev.BlazorJS.WebWorkers.Build.csproj", "{A855E2C2-27D1-4494-A9CA-58EBF11DC34D}"
EndProject
Project("{9A19103F-16F7-4668-BE54-9A1E7A4F7556}") = "SpawnDev.BlazorJS.WebWorkers.Demo", "SpawnDev.BlazorJS.WebWorkers.Demo\SpawnDev.BlazorJS.WebWorkers.Demo.csproj", "{BBDA1D8E-A5FF-4B17-96A0-B56D1840CBAE}"
EndProject
Project("{FAE04EC0-301F-11D3-BF4B-00C04F79EFBC}") = "SpawnDev.BlazorJS.WebWorkers.Demo6", "SpawnDev.BlazorJS.WebWorkers.Demo6\SpawnDev.BlazorJS.WebWorkers.Demo6.csproj", "{4E3F79B1-7F00-45DA-A9C4-0D78E72B03E5}"
EndProject
Project("{FAE04EC0-301F-11D3-BF4B-00C04F79EFBC}") = "SpawnDev.BlazorJS.WebWorkers.Demo9", "SpawnDev.BlazorJS.WebWorkers.Demo9\SpawnDev.BlazorJS.WebWorkers.Demo9.csproj", "{31884F88-3531-4165-B2A8-0913A27BACEC}"
EndProject
Global
	GlobalSection(SolutionConfigurationPlatforms) = preSolution
		Debug|Any CPU = Debug|Any CPU
		Release|Any CPU = Release|Any CPU
	EndGlobalSection
	GlobalSection(ProjectConfigurationPlatforms) = postSolution
		{6199BC07-1C75-408A-B485-25D4A483DE1A}.Debug|Any CPU.ActiveCfg = Debug|Any CPU
		{6199BC07-1C75-408A-B485-25D4A483DE1A}.Debug|Any CPU.Build.0 = Debug|Any CPU
		{6199BC07-1C75-408A-B485-25D4A483DE1A}.Release|Any CPU.ActiveCfg = Release|Any CPU
		{6199BC07-1C75-408A-B485-25D4A483DE1A}.Release|Any CPU.Build.0 = Release|Any CPU
		{A855E2C2-27D1-4494-A9CA-58EBF11DC34D}.Debug|Any CPU.ActiveCfg = Debug|Any CPU
		{A855E2C2-27D1-4494-A9CA-58EBF11DC34D}.Debug|Any CPU.Build.0 = Debug|Any CPU
		{A855E2C2-27D1-4494-A9CA-58EBF11DC34D}.Release|Any CPU.ActiveCfg = Release|Any CPU
		{A855E2C2-27D1-4494-A9CA-58EBF11DC34D}.Release|Any CPU.Build.0 = Release|Any CPU
		{BBDA1D8E-A5FF-4B17-96A0-B56D1840CBAE}.Debug|Any CPU.ActiveCfg = Debug|Any CPU
		{BBDA1D8E-A5FF-4B17-96A0-B56D1840CBAE}.Debug|Any CPU.Build.0 = Debug|Any CPU
		{BBDA1D8E-A5FF-4B17-96A0-B56D1840CBAE}.Release|Any CPU.ActiveCfg = Release|Any CPU
		{BBDA1D8E-A5FF-4B17-96A0-B56D1840CBAE}.Release|Any CPU.Build.0 = Release|Any CPU
		{4E3F79B1-7F00-45DA-A9C4-0D78E72B03E5}.Debug|Any CPU.ActiveCfg = Debug|Any CPU
		{4E3F79B1-7F00-45DA-A9C4-0D78E72B03E5}.Debug|Any CPU.Build.0 = Debug|Any CPU
		{4E3F79B1-7F00-45DA-A9C4-0D78E72B03E5}.Release|Any CPU.ActiveCfg = Release|Any CPU
		{4E3F79B1-7F00-45DA-A9C4-0D78E72B03E5}.Release|Any CPU.Build.0 = Release|Any CPU
		{31884F88-3531-4165-B2A8-0913A27BACEC}.Debug|Any CPU.ActiveCfg = Debug|Any CPU
		{31884F88-3531-4165-B2A8-0913A27BACEC}.Debug|Any CPU.Build.0 = Debug|Any CPU
		{31884F88-3531-4165-B2A8-0913A27BACEC}.Release|Any CPU.ActiveCfg = Release|Any CPU
		{31884F88-3531-4165-B2A8-0913A27BACEC}.Release|Any CPU.Build.0 = Release|Any CPU
	EndGlobalSection
	GlobalSection(SolutionProperties) = preSolution
		HideSolutionNode = FALSE
	EndGlobalSection
	GlobalSection(ExtensibilityGlobals) = postSolution
		SolutionGuid = {B771CA8D-AD31-4F8D-ADFC-894E8DFE588B}
	EndGlobalSection
EndGlobal
